
Microsoft Visual Studio Solution File, Format Version 12.00
# Visual Studio Version 17
VisualStudioVersion = 17.0.32014.148
MinimumVisualStudioVersion = 10.0.40219.1
Project("{FAE04EC0-301F-11D3-BF4B-00C04F79EFBC}") = "7_1_1", "7_1_1.csproj", "{12D20F98-54D9-4DBB-889B-65249E70FB06}"
EndProject
Global
	GlobalSection(SolutionConfigurationPlatforms) = preSolution
		Debug|Any CPU = Debug|Any CPU
		Release|Any CPU = Release|Any CPU
	EndGlobalSection
	GlobalSection(ProjectConfigurationPlatforms) = postSolution
		{12D20F98-54D9-4DBB-889B-65249E70FB06}.Debug|Any CPU.ActiveCfg = Debug|Any CPU
		{12D20F98-54D9-4DBB-889B-65249E70FB06}.Debug|Any CPU.Build.0 = Debug|Any CPU
		{12D20F98-54D9-4DBB-889B-65249E70FB06}.Release|Any CPU.ActiveCfg = Release|Any CPU
		{12D20F98-54D9-4DBB-889B-65249E70FB06}.Release|Any CPU.Build.0 = Release|Any CPU
	EndGlobalSection
	GlobalSection(SolutionProperties) = preSolution
		HideSolutionNode = FALSE
	EndGlobalSection
	GlobalSection(ExtensibilityGlobals) = postSolution
		SolutionGuid = {F1D2DDB5-13A0-4070-ADFF-8ABB148064A8}
	EndGlobalSection
EndGlobal
