
Microsoft Visual Studio Solution File, Format Version 12.00
# Visual Studio Version 17
VisualStudioVersion = 17.0.32014.148
MinimumVisualStudioVersion = 10.0.40219.1
Project("{FAE04EC0-301F-11D3-BF4B-00C04F79EFBC}") = "7_3_1", "7_3_1.csproj", "{70B00899-D116-4B3C-8F11-26C7B8EFF08A}"
EndProject
Global
	GlobalSection(SolutionConfigurationPlatforms) = preSolution
		Debug|Any CPU = Debug|Any CPU
		Release|Any CPU = Release|Any CPU
	EndGlobalSection
	GlobalSection(ProjectConfigurationPlatforms) = postSolution
		{70B00899-D116-4B3C-8F11-26C7B8EFF08A}.Debug|Any CPU.ActiveCfg = Debug|Any CPU
		{70B00899-D116-4B3C-8F11-26C7B8EFF08A}.Debug|Any CPU.Build.0 = Debug|Any CPU
		{70B00899-D116-4B3C-8F11-26C7B8EFF08A}.Release|Any CPU.ActiveCfg = Release|Any CPU
		{70B00899-D116-4B3C-8F11-26C7B8EFF08A}.Release|Any CPU.Build.0 = Release|Any CPU
	EndGlobalSection
	GlobalSection(SolutionProperties) = preSolution
		HideSolutionNode = FALSE
	EndGlobalSection
	GlobalSection(ExtensibilityGlobals) = postSolution
		SolutionGuid = {BC58765C-A06C-4903-90F4-3C474A5AF75E}
	EndGlobalSection
EndGlobal
