
Microsoft Visual Studio Solution File, Format Version 12.00
# Visual Studio Version 17
VisualStudioVersion = 17.0.32014.148
MinimumVisualStudioVersion = 10.0.40219.1
Project("{FAE04EC0-301F-11D3-BF4B-00C04F79EFBC}") = "6_2_1", "6_2_1.csproj", "{B3AF7B64-E066-45A9-A732-AD4410DFDE05}"
EndProject
Global
	GlobalSection(SolutionConfigurationPlatforms) = preSolution
		Debug|Any CPU = Debug|Any CPU
		Release|Any CPU = Release|Any CPU
	EndGlobalSection
	GlobalSection(ProjectConfigurationPlatforms) = postSolution
		{B3AF7B64-E066-45A9-A732-AD4410DFDE05}.Debug|Any CPU.ActiveCfg = Debug|Any CPU
		{B3AF7B64-E066-45A9-A732-AD4410DFDE05}.Debug|Any CPU.Build.0 = Debug|Any CPU
		{B3AF7B64-E066-45A9-A732-AD4410DFDE05}.Release|Any CPU.ActiveCfg = Release|Any CPU
		{B3AF7B64-E066-45A9-A732-AD4410DFDE05}.Release|Any CPU.Build.0 = Release|Any CPU
	EndGlobalSection
	GlobalSection(SolutionProperties) = preSolution
		HideSolutionNode = FALSE
	EndGlobalSection
	GlobalSection(ExtensibilityGlobals) = postSolution
		SolutionGuid = {D6BC19B6-BC24-4061-B908-DE69A3A61C98}
	EndGlobalSection
EndGlobal
