
Microsoft Visual Studio Solution File, Format Version 12.00
# Visual Studio Version 17
VisualStudioVersion = 17.0.32014.148
MinimumVisualStudioVersion = 10.0.40219.1
Project("{FAE04EC0-301F-11D3-BF4B-00C04F79EFBC}") = "pr4_6", "pr4_6.csproj", "{B856E2FA-AB57-428D-8A13-3E3E21BA3C6C}"
EndProject
Global
	GlobalSection(SolutionConfigurationPlatforms) = preSolution
		Debug|Any CPU = Debug|Any CPU
		Release|Any CPU = Release|Any CPU
	EndGlobalSection
	GlobalSection(ProjectConfigurationPlatforms) = postSolution
		{B856E2FA-AB57-428D-8A13-3E3E21BA3C6C}.Debug|Any CPU.ActiveCfg = Debug|Any CPU
		{B856E2FA-AB57-428D-8A13-3E3E21BA3C6C}.Debug|Any CPU.Build.0 = Debug|Any CPU
		{B856E2FA-AB57-428D-8A13-3E3E21BA3C6C}.Release|Any CPU.ActiveCfg = Release|Any CPU
		{B856E2FA-AB57-428D-8A13-3E3E21BA3C6C}.Release|Any CPU.Build.0 = Release|Any CPU
	EndGlobalSection
	GlobalSection(SolutionProperties) = preSolution
		HideSolutionNode = FALSE
	EndGlobalSection
	GlobalSection(ExtensibilityGlobals) = postSolution
		SolutionGuid = {457137C9-6A16-4DE7-899A-1171A3593233}
	EndGlobalSection
EndGlobal
