
Microsoft Visual Studio Solution File, Format Version 12.00
# Visual Studio Version 17
VisualStudioVersion = 17.0.32014.148
MinimumVisualStudioVersion = 10.0.40219.1
Project("{FAE04EC0-301F-11D3-BF4B-00C04F79EFBC}") = "6_2_3", "6_2_3.csproj", "{804B5E75-5376-4143-A48D-A0E634955E3B}"
EndProject
Global
	GlobalSection(SolutionConfigurationPlatforms) = preSolution
		Debug|Any CPU = Debug|Any CPU
		Release|Any CPU = Release|Any CPU
	EndGlobalSection
	GlobalSection(ProjectConfigurationPlatforms) = postSolution
		{804B5E75-5376-4143-A48D-A0E634955E3B}.Debug|Any CPU.ActiveCfg = Debug|Any CPU
		{804B5E75-5376-4143-A48D-A0E634955E3B}.Debug|Any CPU.Build.0 = Debug|Any CPU
		{804B5E75-5376-4143-A48D-A0E634955E3B}.Release|Any CPU.ActiveCfg = Release|Any CPU
		{804B5E75-5376-4143-A48D-A0E634955E3B}.Release|Any CPU.Build.0 = Release|Any CPU
	EndGlobalSection
	GlobalSection(SolutionProperties) = preSolution
		HideSolutionNode = FALSE
	EndGlobalSection
	GlobalSection(ExtensibilityGlobals) = postSolution
		SolutionGuid = {415949EF-1B2D-471D-B43E-2D8181FACC6B}
	EndGlobalSection
EndGlobal
