
Microsoft Visual Studio Solution File, Format Version 12.00
# Visual Studio Version 17
VisualStudioVersion = 17.0.32014.148
MinimumVisualStudioVersion = 10.0.40219.1
Project("{FAE04EC0-301F-11D3-BF4B-00C04F79EFBC}") = "8_5", "8_5.csproj", "{94692749-681B-4E62-8C89-D0533FC917AE}"
EndProject
Global
	GlobalSection(SolutionConfigurationPlatforms) = preSolution
		Debug|Any CPU = Debug|Any CPU
		Release|Any CPU = Release|Any CPU
	EndGlobalSection
	GlobalSection(ProjectConfigurationPlatforms) = postSolution
		{94692749-681B-4E62-8C89-D0533FC917AE}.Debug|Any CPU.ActiveCfg = Debug|Any CPU
		{94692749-681B-4E62-8C89-D0533FC917AE}.Debug|Any CPU.Build.0 = Debug|Any CPU
		{94692749-681B-4E62-8C89-D0533FC917AE}.Release|Any CPU.ActiveCfg = Release|Any CPU
		{94692749-681B-4E62-8C89-D0533FC917AE}.Release|Any CPU.Build.0 = Release|Any CPU
	EndGlobalSection
	GlobalSection(SolutionProperties) = preSolution
		HideSolutionNode = FALSE
	EndGlobalSection
	GlobalSection(ExtensibilityGlobals) = postSolution
		SolutionGuid = {0190A138-6C6A-43FD-90B9-7FF9322A51FD}
	EndGlobalSection
EndGlobal
