
Microsoft Visual Studio Solution File, Format Version 12.00
# Visual Studio Version 17
VisualStudioVersion = 17.0.32014.148
MinimumVisualStudioVersion = 10.0.40219.1
Project("{FAE04EC0-301F-11D3-BF4B-00C04F79EFBC}") = "pr4_7", "pr4_7.csproj", "{1D85CEA4-8EEC-429C-BEF8-5256248E82B7}"
EndProject
Global
	GlobalSection(SolutionConfigurationPlatforms) = preSolution
		Debug|Any CPU = Debug|Any CPU
		Release|Any CPU = Release|Any CPU
	EndGlobalSection
	GlobalSection(ProjectConfigurationPlatforms) = postSolution
		{1D85CEA4-8EEC-429C-BEF8-5256248E82B7}.Debug|Any CPU.ActiveCfg = Debug|Any CPU
		{1D85CEA4-8EEC-429C-BEF8-5256248E82B7}.Debug|Any CPU.Build.0 = Debug|Any CPU
		{1D85CEA4-8EEC-429C-BEF8-5256248E82B7}.Release|Any CPU.ActiveCfg = Release|Any CPU
		{1D85CEA4-8EEC-429C-BEF8-5256248E82B7}.Release|Any CPU.Build.0 = Release|Any CPU
	EndGlobalSection
	GlobalSection(SolutionProperties) = preSolution
		HideSolutionNode = FALSE
	EndGlobalSection
	GlobalSection(ExtensibilityGlobals) = postSolution
		SolutionGuid = {2E43E60D-2D50-4BB8-ADC1-A5F4A62EE28F}
	EndGlobalSection
EndGlobal
