
Microsoft Visual Studio Solution File, Format Version 12.00
# Visual Studio Version 17
VisualStudioVersion = 17.0.32014.148
MinimumVisualStudioVersion = 10.0.40219.1
Project("{FAE04EC0-301F-11D3-BF4B-00C04F79EFBC}") = "pr5_2", "pr5_2.csproj", "{7956EA2A-62EA-45FF-9E02-37563523BC04}"
EndProject
Global
	GlobalSection(SolutionConfigurationPlatforms) = preSolution
		Debug|Any CPU = Debug|Any CPU
		Release|Any CPU = Release|Any CPU
	EndGlobalSection
	GlobalSection(ProjectConfigurationPlatforms) = postSolution
		{7956EA2A-62EA-45FF-9E02-37563523BC04}.Debug|Any CPU.ActiveCfg = Debug|Any CPU
		{7956EA2A-62EA-45FF-9E02-37563523BC04}.Debug|Any CPU.Build.0 = Debug|Any CPU
		{7956EA2A-62EA-45FF-9E02-37563523BC04}.Release|Any CPU.ActiveCfg = Release|Any CPU
		{7956EA2A-62EA-45FF-9E02-37563523BC04}.Release|Any CPU.Build.0 = Release|Any CPU
	EndGlobalSection
	GlobalSection(SolutionProperties) = preSolution
		HideSolutionNode = FALSE
	EndGlobalSection
	GlobalSection(ExtensibilityGlobals) = postSolution
		SolutionGuid = {2EA0B7FF-946F-43EF-972E-887280B76551}
	EndGlobalSection
EndGlobal
