
Microsoft Visual Studio Solution File, Format Version 12.00
# Visual Studio Version 17
VisualStudioVersion = 17.0.32014.148
MinimumVisualStudioVersion = 10.0.40219.1
Project("{FAE04EC0-301F-11D3-BF4B-00C04F79EFBC}") = "pr5_1", "pr5_1.csproj", "{84E18D09-892D-425B-9638-17D57ECFF639}"
EndProject
Global
	GlobalSection(SolutionConfigurationPlatforms) = preSolution
		Debug|Any CPU = Debug|Any CPU
		Release|Any CPU = Release|Any CPU
	EndGlobalSection
	GlobalSection(ProjectConfigurationPlatforms) = postSolution
		{84E18D09-892D-425B-9638-17D57ECFF639}.Debug|Any CPU.ActiveCfg = Debug|Any CPU
		{84E18D09-892D-425B-9638-17D57ECFF639}.Debug|Any CPU.Build.0 = Debug|Any CPU
		{84E18D09-892D-425B-9638-17D57ECFF639}.Release|Any CPU.ActiveCfg = Release|Any CPU
		{84E18D09-892D-425B-9638-17D57ECFF639}.Release|Any CPU.Build.0 = Release|Any CPU
	EndGlobalSection
	GlobalSection(SolutionProperties) = preSolution
		HideSolutionNode = FALSE
	EndGlobalSection
	GlobalSection(ExtensibilityGlobals) = postSolution
		SolutionGuid = {EB08DC42-FB11-4630-9796-26A1F8CAA042}
	EndGlobalSection
EndGlobal
