
Microsoft Visual Studio Solution File, Format Version 12.00
# Visual Studio Version 17
VisualStudioVersion = 17.0.32014.148
MinimumVisualStudioVersion = 10.0.40219.1
Project("{FAE04EC0-301F-11D3-BF4B-00C04F79EFBC}") = "pr3_8", "pr3_8.csproj", "{7C51D47C-96C0-4FBE-AC2E-423CB1DCCDD4}"
EndProject
Global
	GlobalSection(SolutionConfigurationPlatforms) = preSolution
		Debug|Any CPU = Debug|Any CPU
		Release|Any CPU = Release|Any CPU
	EndGlobalSection
	GlobalSection(ProjectConfigurationPlatforms) = postSolution
		{7C51D47C-96C0-4FBE-AC2E-423CB1DCCDD4}.Debug|Any CPU.ActiveCfg = Debug|Any CPU
		{7C51D47C-96C0-4FBE-AC2E-423CB1DCCDD4}.Debug|Any CPU.Build.0 = Debug|Any CPU
		{7C51D47C-96C0-4FBE-AC2E-423CB1DCCDD4}.Release|Any CPU.ActiveCfg = Release|Any CPU
		{7C51D47C-96C0-4FBE-AC2E-423CB1DCCDD4}.Release|Any CPU.Build.0 = Release|Any CPU
	EndGlobalSection
	GlobalSection(SolutionProperties) = preSolution
		HideSolutionNode = FALSE
	EndGlobalSection
	GlobalSection(ExtensibilityGlobals) = postSolution
		SolutionGuid = {69549A9F-AAFA-40D4-8C68-FF27436C6F73}
	EndGlobalSection
EndGlobal
