
Microsoft Visual Studio Solution File, Format Version 12.00
# Visual Studio Version 17
VisualStudioVersion = 17.0.32014.148
MinimumVisualStudioVersion = 10.0.40219.1
Project("{FAE04EC0-301F-11D3-BF4B-00C04F79EFBC}") = "7_2_2", "7_2_2.csproj", "{A5BA79D3-9DE8-407E-BBA9-94DF0F1923CB}"
EndProject
Global
	GlobalSection(SolutionConfigurationPlatforms) = preSolution
		Debug|Any CPU = Debug|Any CPU
		Release|Any CPU = Release|Any CPU
	EndGlobalSection
	GlobalSection(ProjectConfigurationPlatforms) = postSolution
		{A5BA79D3-9DE8-407E-BBA9-94DF0F1923CB}.Debug|Any CPU.ActiveCfg = Debug|Any CPU
		{A5BA79D3-9DE8-407E-BBA9-94DF0F1923CB}.Debug|Any CPU.Build.0 = Debug|Any CPU
		{A5BA79D3-9DE8-407E-BBA9-94DF0F1923CB}.Release|Any CPU.ActiveCfg = Release|Any CPU
		{A5BA79D3-9DE8-407E-BBA9-94DF0F1923CB}.Release|Any CPU.Build.0 = Release|Any CPU
	EndGlobalSection
	GlobalSection(SolutionProperties) = preSolution
		HideSolutionNode = FALSE
	EndGlobalSection
	GlobalSection(ExtensibilityGlobals) = postSolution
		SolutionGuid = {5A87E434-2A90-4068-8B4B-D46007D82F62}
	EndGlobalSection
EndGlobal
