
Microsoft Visual Studio Solution File, Format Version 12.00
# Visual Studio Version 17
VisualStudioVersion = 17.0.32014.148
MinimumVisualStudioVersion = 10.0.40219.1
Project("{FAE04EC0-301F-11D3-BF4B-00C04F79EFBC}") = "7_3_2", "7_3_2.csproj", "{C2FAF58C-5B78-44CF-ACFB-A625BBA2B0ED}"
EndProject
Global
	GlobalSection(SolutionConfigurationPlatforms) = preSolution
		Debug|Any CPU = Debug|Any CPU
		Release|Any CPU = Release|Any CPU
	EndGlobalSection
	GlobalSection(ProjectConfigurationPlatforms) = postSolution
		{C2FAF58C-5B78-44CF-ACFB-A625BBA2B0ED}.Debug|Any CPU.ActiveCfg = Debug|Any CPU
		{C2FAF58C-5B78-44CF-ACFB-A625BBA2B0ED}.Debug|Any CPU.Build.0 = Debug|Any CPU
		{C2FAF58C-5B78-44CF-ACFB-A625BBA2B0ED}.Release|Any CPU.ActiveCfg = Release|Any CPU
		{C2FAF58C-5B78-44CF-ACFB-A625BBA2B0ED}.Release|Any CPU.Build.0 = Release|Any CPU
	EndGlobalSection
	GlobalSection(SolutionProperties) = preSolution
		HideSolutionNode = FALSE
	EndGlobalSection
	GlobalSection(ExtensibilityGlobals) = postSolution
		SolutionGuid = {665C4B89-A475-4138-87F6-52925631D98D}
	EndGlobalSection
EndGlobal
