
Microsoft Visual Studio Solution File, Format Version 12.00
# Visual Studio Version 17
VisualStudioVersion = 17.0.32014.148
MinimumVisualStudioVersion = 10.0.40219.1
Project("{FAE04EC0-301F-11D3-BF4B-00C04F79EFBC}") = "pr5_7", "pr5_7.csproj", "{7F6FEA2A-2164-4231-BDD5-42AD051D2E5A}"
EndProject
Global
	GlobalSection(SolutionConfigurationPlatforms) = preSolution
		Debug|Any CPU = Debug|Any CPU
		Release|Any CPU = Release|Any CPU
	EndGlobalSection
	GlobalSection(ProjectConfigurationPlatforms) = postSolution
		{7F6FEA2A-2164-4231-BDD5-42AD051D2E5A}.Debug|Any CPU.ActiveCfg = Debug|Any CPU
		{7F6FEA2A-2164-4231-BDD5-42AD051D2E5A}.Debug|Any CPU.Build.0 = Debug|Any CPU
		{7F6FEA2A-2164-4231-BDD5-42AD051D2E5A}.Release|Any CPU.ActiveCfg = Release|Any CPU
		{7F6FEA2A-2164-4231-BDD5-42AD051D2E5A}.Release|Any CPU.Build.0 = Release|Any CPU
	EndGlobalSection
	GlobalSection(SolutionProperties) = preSolution
		HideSolutionNode = FALSE
	EndGlobalSection
	GlobalSection(ExtensibilityGlobals) = postSolution
		SolutionGuid = {6F823D11-CC31-4432-994F-E5FBFDEFD312}
	EndGlobalSection
EndGlobal
