
Microsoft Visual Studio Solution File, Format Version 12.00
# Visual Studio Version 17
VisualStudioVersion = 17.0.32014.148
MinimumVisualStudioVersion = 10.0.40219.1
Project("{FAE04EC0-301F-11D3-BF4B-00C04F79EFBC}") = "pr5_4", "pr5_4.csproj", "{2E1858B6-B1FA-431A-8BD0-FDEF0BD1B114}"
EndProject
Global
	GlobalSection(SolutionConfigurationPlatforms) = preSolution
		Debug|Any CPU = Debug|Any CPU
		Release|Any CPU = Release|Any CPU
	EndGlobalSection
	GlobalSection(ProjectConfigurationPlatforms) = postSolution
		{2E1858B6-B1FA-431A-8BD0-FDEF0BD1B114}.Debug|Any CPU.ActiveCfg = Debug|Any CPU
		{2E1858B6-B1FA-431A-8BD0-FDEF0BD1B114}.Debug|Any CPU.Build.0 = Debug|Any CPU
		{2E1858B6-B1FA-431A-8BD0-FDEF0BD1B114}.Release|Any CPU.ActiveCfg = Release|Any CPU
		{2E1858B6-B1FA-431A-8BD0-FDEF0BD1B114}.Release|Any CPU.Build.0 = Release|Any CPU
	EndGlobalSection
	GlobalSection(SolutionProperties) = preSolution
		HideSolutionNode = FALSE
	EndGlobalSection
	GlobalSection(ExtensibilityGlobals) = postSolution
		SolutionGuid = {AAEDB7D0-1441-46E3-A5AD-BE9613ABCD55}
	EndGlobalSection
EndGlobal
