
Microsoft Visual Studio Solution File, Format Version 12.00
# Visual Studio Version 17
VisualStudioVersion = 17.0.32014.148
MinimumVisualStudioVersion = 10.0.40219.1
Project("{FAE04EC0-301F-11D3-BF4B-00C04F79EFBC}") = "7_1_2", "7_1_2.csproj", "{57161C8B-6016-4083-A57F-0ADF456B2FB8}"
EndProject
Global
	GlobalSection(SolutionConfigurationPlatforms) = preSolution
		Debug|Any CPU = Debug|Any CPU
		Release|Any CPU = Release|Any CPU
	EndGlobalSection
	GlobalSection(ProjectConfigurationPlatforms) = postSolution
		{57161C8B-6016-4083-A57F-0ADF456B2FB8}.Debug|Any CPU.ActiveCfg = Debug|Any CPU
		{57161C8B-6016-4083-A57F-0ADF456B2FB8}.Debug|Any CPU.Build.0 = Debug|Any CPU
		{57161C8B-6016-4083-A57F-0ADF456B2FB8}.Release|Any CPU.ActiveCfg = Release|Any CPU
		{57161C8B-6016-4083-A57F-0ADF456B2FB8}.Release|Any CPU.Build.0 = Release|Any CPU
	EndGlobalSection
	GlobalSection(SolutionProperties) = preSolution
		HideSolutionNode = FALSE
	EndGlobalSection
	GlobalSection(ExtensibilityGlobals) = postSolution
		SolutionGuid = {FE19865E-9D06-40B5-BE68-184D5B053017}
	EndGlobalSection
EndGlobal
